<?xml version="1.0" encoding="utf-8"?>
<Project ToolsVersion="4.0" xmlns="http://schemas.microsoft.com/developer/msbuild/2003">
  <ItemGroup>
    <Filter Include="Strategy">
      <UniqueIdentifier>{a863a638-9faf-45bd-9670-fbf7bc08adaf}</UniqueIdentifier>
    </Filter>
    <Filter Include="Utility">
      <UniqueIdentifier>{97dc51f5-7534-4392-a176-e67cbb026aa7}</UniqueIdentifier>
    </Filter>
    <Filter Include="SimUDuck">
      <UniqueIdentifier>{17c96ce4-8b40-4bac-bf97-f1ce662f4275}</UniqueIdentifier>
    </Filter>
    <Filter Include="Observer">
      <UniqueIdentifier>{4d23a923-a918-415d-be42-cf837a996fa4}</UniqueIdentifier>
    </Filter>
    <Filter Include="Decorator">
      <UniqueIdentifier>{03565e54-f561-4287-8b89-c97a6657bec2}</UniqueIdentifier>
    </Filter>
    <Filter Include="SimpleFactory">
      <UniqueIdentifier>{2e72c66c-6f9a-41c2-aad3-3197f2f8f8b6}</UniqueIdentifier>
    </Filter>
    <Filter Include="Factory">
      <UniqueIdentifier>{1403d18a-387b-4749-9b43-4b8bcb7b8d43}</UniqueIdentifier>
    </Filter>
  </ItemGroup>
  <ItemGroup>
    <ClInclude Include="MyString.h">
      <Filter>Utility</Filter>
    </ClInclude>
    <ClInclude Include="MallardDuck.h">
      <Filter>Strategy</Filter>
    </ClInclude>
    <ClInclude Include="Duck.h">
      <Filter>Strategy</Filter>
    </ClInclude>
    <ClInclude Include="FlyBehaviour.h">
      <Filter>Strategy</Filter>
    </ClInclude>
    <ClInclude Include="QuackBehaviour.h">
      <Filter>Strategy</Filter>
    </ClInclude>
    <ClInclude Include="FlyWithWings.h">
      <Filter>Strategy</Filter>
    </ClInclude>
    <ClInclude Include="FlyNoWay.h">
      <Filter>Strategy</Filter>
    </ClInclude>
    <ClInclude Include="Quack.h">
      <Filter>Strategy</Filter>
    </ClInclude>
    <ClInclude Include="MuteQuack.h">
      <Filter>Strategy</Filter>
    </ClInclude>
    <ClInclude Include="Squeak.h">
      <Filter>Strategy</Filter>
    </ClInclude>
    <ClInclude Include="ModelDuck.h">
      <Filter>Strategy</Filter>
    </ClInclude>
    <ClInclude Include="FlyRocketPowered.h">
      <Filter>Strategy</Filter>
    </ClInclude>
    <ClInclude Include="RedheadDuck.h">
      <Filter>Strategy</Filter>
    </ClInclude>
    <ClInclude Include="RubberDuck.h">
      <Filter>Strategy</Filter>
    </ClInclude>
    <ClInclude Include="DecoyDuck.h">
      <Filter>Strategy</Filter>
    </ClInclude>
    <ClInclude Include="SimUDuck\Duck.h">
      <Filter>SimUDuck</Filter>
    </ClInclude>
    <ClInclude Include="SimUDuck\MallardDuck.h">
      <Filter>SimUDuck</Filter>
    </ClInclude>
    <ClInclude Include="SimUDuck\RedheadDuck.h">
      <Filter>SimUDuck</Filter>
    </ClInclude>
    <ClInclude Include="SimUDuck\RubberDuck.h">
      <Filter>SimUDuck</Filter>
    </ClInclude>
    <ClInclude Include="SimUDuck\DecoyDuck.h">
      <Filter>SimUDuck</Filter>
    </ClInclude>
    <ClInclude Include="Observer.h">
      <Filter>Observer</Filter>
    </ClInclude>
    <ClInclude Include="Subject.h">
      <Filter>Observer</Filter>
    </ClInclude>
    <ClInclude Include="WeatherData.h">
      <Filter>Observer</Filter>
    </ClInclude>
    <ClInclude Include="CurrentConditionsDisplay.h">
      <Filter>Observer</Filter>
    </ClInclude>
    <ClInclude Include="ForecastDisplay.h">
      <Filter>Observer</Filter>
    </ClInclude>
    <ClInclude Include="Beverage.h">
      <Filter>Decorator</Filter>
    </ClInclude>
    <ClInclude Include="CondimentDecorator.h">
      <Filter>Decorator</Filter>
    </ClInclude>
    <ClInclude Include="Espresso.h">
      <Filter>Decorator</Filter>
    </ClInclude>
    <ClInclude Include="HouseBlend.h">
      <Filter>Decorator</Filter>
    </ClInclude>
    <ClInclude Include="Mocha.h">
      <Filter>Decorator</Filter>
    </ClInclude>
    <ClInclude Include="DarkRoast.h">
      <Filter>Decorator</Filter>
    </ClInclude>
    <ClInclude Include="Decaf.h">
      <Filter>Decorator</Filter>
    </ClInclude>
    <ClInclude Include="Whip.h">
      <Filter>Decorator</Filter>
    </ClInclude>
    <ClInclude Include="Pizza.h">
      <Filter>SimpleFactory</Filter>
    </ClInclude>
    <ClInclude Include="SimplePizzaFactory.h">
      <Filter>SimpleFactory</Filter>
    </ClInclude>
    <ClInclude Include="CheesePizza.h">
      <Filter>SimpleFactory</Filter>
    </ClInclude>
    <ClInclude Include="PepperoniPizza.h">
      <Filter>SimpleFactory</Filter>
    </ClInclude>
    <ClInclude Include="PizzaStoreV0.h">
      <Filter>SimpleFactory</Filter>
    </ClInclude>
    <ClInclude Include="PizzaStore.h">
      <Filter>Factory</Filter>
    </ClInclude>
    <ClInclude Include="NYStyleCheesePizza.h">
      <Filter>Factory</Filter>
    </ClInclude>
    <ClInclude Include="ChicagoStyleCheesePizza.h">
      <Filter>Factory</Filter>
    </ClInclude>
    <ClInclude Include="NYStylePepperoniPizza.h">
      <Filter>Factory</Filter>
    </ClInclude>
    <ClInclude Include="ChicagoStylePepperoniPizza.h">
      <Filter>Factory</Filter>
    </ClInclude>
    <ClInclude Include="NYPizzaStore.h">
      <Filter>Factory</Filter>
    </ClInclude>
    <ClInclude Include="ChicagoPizzaStore.h">
      <Filter>Factory</Filter>
    </ClInclude>
    <ClInclude Include="PizzaIngredientFactory.h">
      <Filter>Factory</Filter>
    </ClInclude>
    <ClInclude Include="NYPizzaIngredientFactory.h">
      <Filter>Factory</Filter>
    </ClInclude>
  </ItemGroup>
  <ItemGroup>
    <ClCompile Include="MyString.cpp">
      <Filter>Utility</Filter>
    </ClCompile>
    <ClCompile Include="Subject.cpp">
      <Filter>Observer</Filter>
    </ClCompile>
    <ClCompile Include="CurrentConditionsDisplay.cpp">
      <Filter>Observer</Filter>
    </ClCompile>
    <ClCompile Include="ForecastDisplay.cpp">
      <Filter>Observer</Filter>
    </ClCompile>
    <ClCompile Include="SimplePizzaFactory.cpp">
      <Filter>SimpleFactory</Filter>
    </ClCompile>
    <ClCompile Include="Pizza.cpp">
      <Filter>SimpleFactory</Filter>
    </ClCompile>
    <ClCompile Include="PizzaStore.cpp">
      <Filter>Factory</Filter>
    </ClCompile>
    <ClCompile Include="NYPizzaStore.cpp">
      <Filter>Factory</Filter>
    </ClCompile>
    <ClCompile Include="ChicagoPizzaStore.cpp">
      <Filter>Factory</Filter>
    </ClCompile>
  </ItemGroup>
</Project>