<?xml version="1.0" encoding="utf-8"?>
<Project ToolsVersion="4.0" xmlns="http://schemas.microsoft.com/developer/msbuild/2003">
  <ItemGroup>
    <Filter Include="Strategy">
      <UniqueIdentifier>{a863a638-9faf-45bd-9670-fbf7bc08adaf}</UniqueIdentifier>
    </Filter>
    <Filter Include="Utility">
      <UniqueIdentifier>{97dc51f5-7534-4392-a176-e67cbb026aa7}</UniqueIdentifier>
    </Filter>
    <Filter Include="SimUDuck">
      <UniqueIdentifier>{17c96ce4-8b40-4bac-bf97-f1ce662f4275}</UniqueIdentifier>
    </Filter>
    <Filter Include="Observer">
      <UniqueIdentifier>{4d23a923-a918-415d-be42-cf837a996fa4}</UniqueIdentifier>
    </Filter>
    <Filter Include="Decorator">
      <UniqueIdentifier>{03565e54-f561-4287-8b89-c97a6657bec2}</UniqueIdentifier>
    </Filter>
    <Filter Include="SimpleFactory">
      <UniqueIdentifier>{2e72c66c-6f9a-41c2-aad3-3197f2f8f8b6}</UniqueIdentifier>
    </Filter>
    <Filter Include="Factory">
      <UniqueIdentifier>{1403d18a-387b-4749-9b43-4b8bcb7b8d43}</UniqueIdentifier>
    </Filter>
    <Filter Include="Builder">
      <UniqueIdentifier>{3815f939-7671-41a9-abd9-35ef8bcb8276}</UniqueIdentifier>
    </Filter>
    <Filter Include="ObjectPool">
      <UniqueIdentifier>{727a1003-8759-45fe-a410-3e95bfc42372}</UniqueIdentifier>
    </Filter>
    <Filter Include="Singleton">
      <UniqueIdentifier>{fe0de4e4-f738-40ac-be2b-057ba01372d0}</UniqueIdentifier>
    </Filter>
  </ItemGroup>
  <ItemGroup>
    <ClInclude Include="SimUDuck\Duck.h">
      <Filter>SimUDuck</Filter>
    </ClInclude>
    <ClInclude Include="SimUDuck\MallardDuck.h">
      <Filter>SimUDuck</Filter>
    </ClInclude>
    <ClInclude Include="SimUDuck\RedheadDuck.h">
      <Filter>SimUDuck</Filter>
    </ClInclude>
    <ClInclude Include="SimUDuck\RubberDuck.h">
      <Filter>SimUDuck</Filter>
    </ClInclude>
    <ClInclude Include="SimUDuck\DecoyDuck.h">
      <Filter>SimUDuck</Filter>
    </ClInclude>
    <ClInclude Include="Observer\CurrentConditionsDisplay.h">
      <Filter>Observer</Filter>
    </ClInclude>
    <ClInclude Include="Observer\ForecastDisplay.h">
      <Filter>Observer</Filter>
    </ClInclude>
    <ClInclude Include="Observer\Observer.h">
      <Filter>Observer</Filter>
    </ClInclude>
    <ClInclude Include="Observer\Subject.h">
      <Filter>Observer</Filter>
    </ClInclude>
    <ClInclude Include="Observer\WeatherData.h">
      <Filter>Observer</Filter>
    </ClInclude>
    <ClInclude Include="Strategy\DecoyDuck.h">
      <Filter>Strategy</Filter>
    </ClInclude>
    <ClInclude Include="Strategy\Duck.h">
      <Filter>Strategy</Filter>
    </ClInclude>
    <ClInclude Include="Strategy\FlyBehaviour.h">
      <Filter>Strategy</Filter>
    </ClInclude>
    <ClInclude Include="Strategy\FlyNoWay.h">
      <Filter>Strategy</Filter>
    </ClInclude>
    <ClInclude Include="Strategy\FlyRocketPowered.h">
      <Filter>Strategy</Filter>
    </ClInclude>
    <ClInclude Include="Strategy\FlyWithWings.h">
      <Filter>Strategy</Filter>
    </ClInclude>
    <ClInclude Include="Strategy\MallardDuck.h">
      <Filter>Strategy</Filter>
    </ClInclude>
    <ClInclude Include="Strategy\ModelDuck.h">
      <Filter>Strategy</Filter>
    </ClInclude>
    <ClInclude Include="Strategy\MuteQuack.h">
      <Filter>Strategy</Filter>
    </ClInclude>
    <ClInclude Include="Strategy\Quack.h">
      <Filter>Strategy</Filter>
    </ClInclude>
    <ClInclude Include="Strategy\QuackBehaviour.h">
      <Filter>Strategy</Filter>
    </ClInclude>
    <ClInclude Include="Strategy\RedheadDuck.h">
      <Filter>Strategy</Filter>
    </ClInclude>
    <ClInclude Include="Strategy\RubberDuck.h">
      <Filter>Strategy</Filter>
    </ClInclude>
    <ClInclude Include="Strategy\Squeak.h">
      <Filter>Strategy</Filter>
    </ClInclude>
    <ClInclude Include="Decorator\Beverage.h">
      <Filter>Decorator</Filter>
    </ClInclude>
    <ClInclude Include="Decorator\CondimentDecorator.h">
      <Filter>Decorator</Filter>
    </ClInclude>
    <ClInclude Include="Decorator\DarkRoast.h">
      <Filter>Decorator</Filter>
    </ClInclude>
    <ClInclude Include="Decorator\Decaf.h">
      <Filter>Decorator</Filter>
    </ClInclude>
    <ClInclude Include="Decorator\Espresso.h">
      <Filter>Decorator</Filter>
    </ClInclude>
    <ClInclude Include="Decorator\HouseBlend.h">
      <Filter>Decorator</Filter>
    </ClInclude>
    <ClInclude Include="Decorator\Mocha.h">
      <Filter>Decorator</Filter>
    </ClInclude>
    <ClInclude Include="Decorator\Whip.h">
      <Filter>Decorator</Filter>
    </ClInclude>
    <ClInclude Include="Builder\AbstractBuilder.h">
      <Filter>Builder</Filter>
    </ClInclude>
    <ClInclude Include="Pizza\BlackOlive.h">
      <Filter>Factory</Filter>
    </ClInclude>
    <ClInclude Include="Pizza\Cheese.h">
      <Filter>Factory</Filter>
    </ClInclude>
    <ClInclude Include="Pizza\CheesePizza.h">
      <Filter>Factory</Filter>
    </ClInclude>
    <ClInclude Include="Pizza\ChicagoPizzaIngredientFactory.h">
      <Filter>Factory</Filter>
    </ClInclude>
    <ClInclude Include="Pizza\ChicagoPizzaStore.h">
      <Filter>Factory</Filter>
    </ClInclude>
    <ClInclude Include="Pizza\Clam.h">
      <Filter>Factory</Filter>
    </ClInclude>
    <ClInclude Include="Pizza\ClamPizza.h">
      <Filter>Factory</Filter>
    </ClInclude>
    <ClInclude Include="Pizza\Dough.h">
      <Filter>Factory</Filter>
    </ClInclude>
    <ClInclude Include="Pizza\FreshClam.h">
      <Filter>Factory</Filter>
    </ClInclude>
    <ClInclude Include="Pizza\FrozenClam.h">
      <Filter>Factory</Filter>
    </ClInclude>
    <ClInclude Include="Pizza\Garlic.h">
      <Filter>Factory</Filter>
    </ClInclude>
    <ClInclude Include="Pizza\MarinaraSauce.h">
      <Filter>Factory</Filter>
    </ClInclude>
    <ClInclude Include="Pizza\Mozzarella.h">
      <Filter>Factory</Filter>
    </ClInclude>
    <ClInclude Include="Pizza\NYPizzaIngredientFactory.h">
      <Filter>Factory</Filter>
    </ClInclude>
    <ClInclude Include="Pizza\NYPizzaStore.h">
      <Filter>Factory</Filter>
    </ClInclude>
    <ClInclude Include="Pizza\Onion.h">
      <Filter>Factory</Filter>
    </ClInclude>
    <ClInclude Include="Pizza\Pizza.h">
      <Filter>Factory</Filter>
    </ClInclude>
    <ClInclude Include="Pizza\PizzaIngredientFactory.h">
      <Filter>Factory</Filter>
    </ClInclude>
    <ClInclude Include="Pizza\PizzaStore.h">
      <Filter>Factory</Filter>
    </ClInclude>
    <ClInclude Include="Pizza\PlumTomatoSauce.h">
      <Filter>Factory</Filter>
    </ClInclude>
    <ClInclude Include="Pizza\ReggianoCheese.h">
      <Filter>Factory</Filter>
    </ClInclude>
    <ClInclude Include="Pizza\Sauce.h">
      <Filter>Factory</Filter>
    </ClInclude>
    <ClInclude Include="Pizza\Spinach.h">
      <Filter>Factory</Filter>
    </ClInclude>
    <ClInclude Include="Pizza\ThickCrustDough.h">
      <Filter>Factory</Filter>
    </ClInclude>
    <ClInclude Include="Pizza\ThinCrustDough.h">
      <Filter>Factory</Filter>
    </ClInclude>
    <ClInclude Include="Pizza\Veggie.h">
      <Filter>Factory</Filter>
    </ClInclude>
    <ClInclude Include="Builder\TravelAgent.h">
      <Filter>Builder</Filter>
    </ClInclude>
    <ClInclude Include="Builder\VacationBuilder.h">
      <Filter>Builder</Filter>
    </ClInclude>
    <ClInclude Include="Builder\VacationDay.h">
      <Filter>Builder</Filter>
    </ClInclude>
    <ClInclude Include="Builder\VacationPlanner.h">
      <Filter>Builder</Filter>
    </ClInclude>
    <ClInclude Include="ObjectPool\Resource.h">
      <Filter>ObjectPool</Filter>
    </ClInclude>
    <ClInclude Include="ObjectPool\ObjectPool.h">
      <Filter>ObjectPool</Filter>
    </ClInclude>
    <ClInclude Include="ObjectPool\ResourceE.h" />
    <ClInclude Include="Singleton\Singleton.h">
      <Filter>Singleton</Filter>
    </ClInclude>
    <ClInclude Include="Pizza\SimplePizzaFactory.h">
      <Filter>SimpleFactory</Filter>
    </ClInclude>
    <ClInclude Include="Pizza\CheesePizzaV0.h">
      <Filter>SimpleFactory</Filter>
    </ClInclude>
    <ClInclude Include="Pizza\PepperoniPizzaV0.h">
      <Filter>SimpleFactory</Filter>
    </ClInclude>
    <ClInclude Include="Pizza\PizzaStoreV0.h">
      <Filter>SimpleFactory</Filter>
    </ClInclude>
    <ClInclude Include="Pizza\PizzaV0.h">
      <Filter>SimpleFactory</Filter>
    </ClInclude>
    <ClInclude Include="MyString.h">
      <Filter>Utility</Filter>
    </ClInclude>
  </ItemGroup>
  <ItemGroup>
    <ClCompile Include="Observer\CurrentConditionsDisplay.cpp">
      <Filter>Observer</Filter>
    </ClCompile>
    <ClCompile Include="Observer\ForecastDisplay.cpp">
      <Filter>Observer</Filter>
    </ClCompile>
    <ClCompile Include="Observer\Subject.cpp">
      <Filter>Observer</Filter>
    </ClCompile>
    <ClCompile Include="Pizza\CheesePizza.cpp">
      <Filter>Factory</Filter>
    </ClCompile>
    <ClCompile Include="Pizza\ChicagoPizzaIngredientFactory.cpp">
      <Filter>Factory</Filter>
    </ClCompile>
    <ClCompile Include="Pizza\ChicagoPizzaStore.cpp">
      <Filter>Factory</Filter>
    </ClCompile>
    <ClCompile Include="Pizza\ClamPizza.cpp">
      <Filter>Factory</Filter>
    </ClCompile>
    <ClCompile Include="Pizza\NYPizzaIngredientFactory.cpp">
      <Filter>Factory</Filter>
    </ClCompile>
    <ClCompile Include="Pizza\NYPizzaStore.cpp">
      <Filter>Factory</Filter>
    </ClCompile>
    <ClCompile Include="Pizza\Pizza.cpp">
      <Filter>Factory</Filter>
    </ClCompile>
    <ClCompile Include="Pizza\PizzaStore.cpp">
      <Filter>Factory</Filter>
    </ClCompile>
    <ClCompile Include="Builder\VacationBuilder.cpp">
      <Filter>Builder</Filter>
    </ClCompile>
    <ClCompile Include="Builder\TravelAgent.cpp">
      <Filter>Builder</Filter>
    </ClCompile>
    <ClCompile Include="Pizza\PizzaV0.cpp">
      <Filter>SimpleFactory</Filter>
    </ClCompile>
    <ClCompile Include="Pizza\SimplePizzaFactory.cpp">
      <Filter>SimpleFactory</Filter>
    </ClCompile>
    <ClCompile Include="MyString.cpp">
      <Filter>Utility</Filter>
    </ClCompile>
  </ItemGroup>
</Project>